// !$*UTF8*$!
{
	archiveVersion = 1;
	classes = {
	};
	objectVersion = 50;
	objects = {

/* Begin PBXBuildFile section */
		DA1FE58325BA9DD80084FABD /* AppDelegate.swift in Sources */ = {isa = PBXBuildFile; fileRef = DA1FE58225BA9DD80084FABD /* AppDelegate.swift */; };
		DA1FE58525BA9DD80084FABD /* SceneDelegate.swift in Sources */ = {isa = PBXBuildFile; fileRef = DA1FE58425BA9DD80084FABD /* SceneDelegate.swift */; };
		DA1FE58725BA9DD80084FABD /* ViewController.swift in Sources */ = {isa = PBXBuildFile; fileRef = DA1FE58625BA9DD80084FABD /* ViewController.swift */; };
		DA1FE58A25BA9DD80084FABD /* Main.storyboard in Resources */ = {isa = PBXBuildFile; fileRef = DA1FE58825BA9DD80084FABD /* Main.storyboard */; };
		DA1FE58C25BA9DDA0084FABD /* Assets.xcassets in Resources */ = {isa = PBXBuildFile; fileRef = DA1FE58B25BA9DDA0084FABD /* Assets.xcassets */; };
		DA1FE58F25BA9DDA0084FABD /* LaunchScreen.storyboard in Resources */ = {isa = PBXBuildFile; fileRef = DA1FE58D25BA9DDA0084FABD /* LaunchScreen.storyboard */; };
		DA1FE59825BA9DE60084FABD /* TabsView.swift in Sources */ = {isa = PBXBuildFile; fileRef = DA1FE59725BA9DE60084FABD /* TabsView.swift */; };
		DA1FE59B25BA9E1F0084FABD /* TabCell.swift in Sources */ = {isa = PBXBuildFile; fileRef = DA1FE59A25BA9E1F0084FABD /* TabCell.swift */; };
		DA1FE59E25BA9E400084FABD /* TabsPageViewController.swift in Sources */ = {isa = PBXBuildFile; fileRef = DA1FE59D25BA9E400084FABD /* TabsPageViewController.swift */; };
		DA1FE5A225BA9F120084FABD /* BuyVC.swift in Sources */ = {isa = PBXBuildFile; fileRef = DA1FE5A125BA9F120084FABD /* BuyVC.swift */; };
		DA1FE5A525BA9F1E0084FABD /* SellVC.swift in Sources */ = {isa = PBXBuildFile; fileRef = DA1FE5A425BA9F1E0084FABD /* SellVC.swift */; };
		DA1FE5A825BA9F2F0084FABD /* OrderVC.swift in Sources */ = {isa = PBXBuildFile; fileRef = DA1FE5A725BA9F2F0084FABD /* OrderVC.swift */; };
		DA1FE5AB25BA9F3F0084FABD /* HistoryVC.swift in Sources */ = {isa = PBXBuildFile; fileRef = DA1FE5AA25BA9F3F0084FABD /* HistoryVC.swift */; };
/* End PBXBuildFile section */

/* Begin PBXFileReference section */
		DA1FE57F25BA9DD80084FABD /* customSwipableTabbarTutorial.app */ = {isa = PBXFileReference; explicitFileType = wrapper.application; includeInIndex = 0; path = customSwipableTabbarTutorial.app; sourceTree = BUILT_PRODUCTS_DIR; };
		DA1FE58225BA9DD80084FABD /* AppDelegate.swift */ = {isa = PBXFileReference; lastKnownFileType = sourcecode.swift; path = AppDelegate.swift; sourceTree = "<group>"; };
		DA1FE58425BA9DD80084FABD /* SceneDelegate.swift */ = {isa = PBXFileReference; lastKnownFileType = sourcecode.swift; path = SceneDelegate.swift; sourceTree = "<group>"; };
		DA1FE58625BA9DD80084FABD /* ViewController.swift */ = {isa = PBXFileReference; lastKnownFileType = sourcecode.swift; path = ViewController.swift; sourceTree = "<group>"; };
		DA1FE58925BA9DD80084FABD /* Base */ = {isa = PBXFileReference; lastKnownFileType = file.storyboard; name = Base; path = Base.lproj/Main.storyboard; sourceTree = "<group>"; };
		DA1FE58B25BA9DDA0084FABD /* Assets.xcassets */ = {isa = PBXFileReference; lastKnownFileType = folder.assetcatalog; path = Assets.xcassets; sourceTree = "<group>"; };
		DA1FE58E25BA9DDA0084FABD /* Base */ = {isa = PBXFileReference; lastKnownFileType = file.storyboard; name = Base; path = Base.lproj/LaunchScreen.storyboard; sourceTree = "<group>"; };
		DA1FE59025BA9DDA0084FABD /* Info.plist */ = {isa = PBXFileReference; lastKnownFileType = text.plist.xml; path = Info.plist; sourceTree = "<group>"; };
		DA1FE59725BA9DE60084FABD /* TabsView.swift */ = {isa = PBXFileReference; lastKnownFileType = sourcecode.swift; path = TabsView.swift; sourceTree = "<group>"; };
		DA1FE59A25BA9E1F0084FABD /* TabCell.swift */ = {isa = PBXFileReference; lastKnownFileType = sourcecode.swift; path = TabCell.swift; sourceTree = "<group>"; };
		DA1FE59D25BA9E400084FABD /* TabsPageViewController.swift */ = {isa = PBXFileReference; lastKnownFileType = sourcecode.swift; path = TabsPageViewController.swift; sourceTree = "<group>"; };
		DA1FE5A125BA9F120084FABD /* BuyVC.swift */ = {isa = PBXFileReference; lastKnownFileType = sourcecode.swift; path = BuyVC.swift; sourceTree = "<group>"; };
		DA1FE5A425BA9F1E0084FABD /* SellVC.swift */ = {isa = PBXFileReference; lastKnownFileType = sourcecode.swift; path = SellVC.swift; sourceTree = "<group>"; };
		DA1FE5A725BA9F2F0084FABD /* OrderVC.swift */ = {isa = PBXFileReference; lastKnownFileType = sourcecode.swift; path = OrderVC.swift; sourceTree = "<group>"; };
		DA1FE5AA25BA9F3F0084FABD /* HistoryVC.swift */ = {isa = PBXFileReference; lastKnownFileType = sourcecode.swift; path = HistoryVC.swift; sourceTree = "<group>"; };
/* End PBXFileReference section */

/* Begin PBXFrameworksBuildPhase section */
		DA1FE57C25BA9DD80084FABD /* Frameworks */ = {
			isa = PBXFrameworksBuildPhase;
			buildActionMask = 2147483647;
			files = (
			);
			runOnlyForDeploymentPostprocessing = 0;
		};
/* End PBXFrameworksBuildPhase section */

/* Begin PBXGroup section */
		DA1FE57625BA9DD80084FABD = {
			isa = PBXGroup;
			children = (
				DA1FE58125BA9DD80084FABD /* customSwipableTabbarTutorial */,
				DA1FE58025BA9DD80084FABD /* Products */,
			);
			sourceTree = "<group>";
		};
		DA1FE58025BA9DD80084FABD /* Products */ = {
			isa = PBXGroup;
			children = (
				DA1FE57F25BA9DD80084FABD /* customSwipableTabbarTutorial.app */,
			);
			name = Products;
			sourceTree = "<group>";
		};
		DA1FE58125BA9DD80084FABD /* customSwipableTabbarTutorial */ = {
			isa = PBXGroup;
			children = (
				DA1FE5A025BA9EEE0084FABD /* viewControllers */,
				DA1FE58225BA9DD80084FABD /* AppDelegate.swift */,
				DA1FE58425BA9DD80084FABD /* SceneDelegate.swift */,
				DA1FE58625BA9DD80084FABD /* ViewController.swift */,
				DA1FE59725BA9DE60084FABD /* TabsView.swift */,
				DA1FE59A25BA9E1F0084FABD /* TabCell.swift */,
				DA1FE59D25BA9E400084FABD /* TabsPageViewController.swift */,
				DA1FE58825BA9DD80084FABD /* Main.storyboard */,
				DA1FE58B25BA9DDA0084FABD /* Assets.xcassets */,
				DA1FE58D25BA9DDA0084FABD /* LaunchScreen.storyboard */,
				DA1FE59025BA9DDA0084FABD /* Info.plist */,
			);
			path = customSwipableTabbarTutorial;
			sourceTree = "<group>";
		};
		DA1FE5A025BA9EEE0084FABD /* viewControllers */ = {
			isa = PBXGroup;
			children = (
				DA1FE5A125BA9F120084FABD /* BuyVC.swift */,
				DA1FE5A425BA9F1E0084FABD /* SellVC.swift */,
				DA1FE5A725BA9F2F0084FABD /* OrderVC.swift */,
				DA1FE5AA25BA9F3F0084FABD /* HistoryVC.swift */,
			);
			path = viewControllers;
			sourceTree = "<group>";
		};
/* End PBXGroup section */

/* Begin PBXNativeTarget section */
		DA1FE57E25BA9DD80084FABD /* customSwipableTabbarTutorial */ = {
			isa = PBXNativeTarget;
			buildConfigurationList = DA1FE59325BA9DDA0084FABD /* Build configuration list for PBXNativeTarget "customSwipableTabbarTutorial" */;
			buildPhases = (
				DA1FE57B25BA9DD80084FABD /* Sources */,
				DA1FE57C25BA9DD80084FABD /* Frameworks */,
				DA1FE57D25BA9DD80084FABD /* Resources */,
			);
			buildRules = (
			);
			dependencies = (
			);
			name = customSwipableTabbarTutorial;
			productName = customSwipableTabbarTutorial;
			productReference = DA1FE57F25BA9DD80084FABD /* customSwipableTabbarTutorial.app */;
			productType = "com.apple.product-type.application";
		};
/* End PBXNativeTarget section */

/* Begin PBXProject section */
		DA1FE57725BA9DD80084FABD /* Project object */ = {
			isa = PBXProject;
			attributes = {
				LastSwiftUpdateCheck = 1230;
				LastUpgradeCheck = 1230;
				TargetAttributes = {
					DA1FE57E25BA9DD80084FABD = {
						CreatedOnToolsVersion = 12.3;
					};
				};
			};
			buildConfigurationList = DA1FE57A25BA9DD80084FABD /* Build configuration list for PBXProject "customSwipableTabbarTutorial" */;
			compatibilityVersion = "Xcode 9.3";
			developmentRegion = en;
			hasScannedForEncodings = 0;
			knownRegions = (
				en,
				Base,
			);
			mainGroup = DA1FE57625BA9DD80084FABD;
			productRefGroup = DA1FE58025BA9DD80084FABD /* Products */;
			projectDirPath = "";
			projectRoot = "";
			targets = (
				DA1FE57E25BA9DD80084FABD /* customSwipableTabbarTutorial */,
			);
		};
/* End PBXProject section */

/* Begin PBXResourcesBuildPhase section */
		DA1FE57D25BA9DD80084FABD /* Resources */ = {
			isa = PBXResourcesBuildPhase;
			buildActionMask = 2147483647;
			files = (
				DA1FE58F25BA9DDA0084FABD /* LaunchScreen.storyboard in Resources */,
				DA1FE58C25BA9DDA0084FABD /* Assets.xcassets in Resources */,
				DA1FE58A25BA9DD80084FABD /* Main.storyboard in Resources */,
			);
			runOnlyForDeploymentPostprocessing = 0;
		};
/* End PBXResourcesBuildPhase section */

/* Begin PBXSourcesBuildPhase section */
		DA1FE57B25BA9DD80084FABD /* Sources */ = {
			isa = PBXSourcesBuildPhase;
			buildActionMask = 2147483647;
			files = (
				DA1FE5A525BA9F1E0084FABD /* SellVC.swift in Sources */,
				DA1FE5AB25BA9F3F0084FABD /* HistoryVC.swift in Sources */,
				DA1FE5A825BA9F2F0084FABD /* OrderVC.swift in Sources */,
				DA1FE58725BA9DD80084FABD /* ViewController.swift in Sources */,
				DA1FE58325BA9DD80084FABD /* AppDelegate.swift in Sources */,
				DA1FE59B25BA9E1F0084FABD /* TabCell.swift in Sources */,
				DA1FE59E25BA9E400084FABD /* TabsPageViewController.swift in Sources */,
				DA1FE59825BA9DE60084FABD /* TabsView.swift in Sources */,
				DA1FE5A225BA9F120084FABD /* BuyVC.swift in Sources */,
				DA1FE58525BA9DD80084FABD /* SceneDelegate.swift in Sources */,
			);
			runOnlyForDeploymentPostprocessing = 0;
		};
/* End PBXSourcesBuildPhase section */

/* Begin PBXVariantGroup section */
		DA1FE58825BA9DD80084FABD /* Main.storyboard */ = {
			isa = PBXVariantGroup;
			children = (
				DA1FE58925BA9DD80084FABD /* Base */,
			);
			name = Main.storyboard;
			sourceTree = "<group>";
		};
		DA1FE58D25BA9DDA0084FABD /* LaunchScreen.storyboard */ = {
			isa = PBXVariantGroup;
			children = (
				DA1FE58E25BA9DDA0084FABD /* Base */,
			);
			name = LaunchScreen.storyboard;
			sourceTree = "<group>";
		};
/* End PBXVariantGroup section */

/* Begin XCBuildConfiguration section */
		DA1FE59125BA9DDA0084FABD /* Debug */ = {
			isa = XCBuildConfiguration;
			buildSettings = {
				ALWAYS_SEARCH_USER_PATHS = NO;
				CLANG_ANALYZER_NONNULL = YES;
				CLANG_ANALYZER_NUMBER_OBJECT_CONVERSION = YES_AGGRESSIVE;
				CLANG_CXX_LANGUAGE_STANDARD = "gnu++14";
				CLANG_CXX_LIBRARY = "libc++";
				CLANG_ENABLE_MODULES = YES;
				CLANG_ENABLE_OBJC_ARC = YES;
				CLANG_ENABLE_OBJC_WEAK = YES;
				CLANG_WARN_BLOCK_CAPTURE_AUTORELEASING = YES;
				CLANG_WARN_BOOL_CONVERSION = YES;
				CLANG_WARN_COMMA = YES;
				CLANG_WARN_CONSTANT_CONVERSION = YES;
				CLANG_WARN_DEPRECATED_OBJC_IMPLEMENTATIONS = YES;
				CLANG_WARN_DIRECT_OBJC_ISA_USAGE = YES_ERROR;
				CLANG_WARN_DOCUMENTATION_COMMENTS = YES;
				CLANG_WARN_EMPTY_BODY = YES;
				CLANG_WARN_ENUM_CONVERSION = YES;
				CLANG_WARN_INFINITE_RECURSION = YES;
				CLANG_WARN_INT_CONVERSION = YES;
				CLANG_WARN_NON_LITERAL_NULL_CONVERSION = YES;
				CLANG_WARN_OBJC_IMPLICIT_RETAIN_SELF = YES;
				CLANG_WARN_OBJC_LITERAL_CONVERSION = YES;
				CLANG_WARN_OBJC_ROOT_CLASS = YES_ERROR;
				CLANG_WARN_QUOTED_INCLUDE_IN_FRAMEWORK_HEADER = YES;
				CLANG_WARN_RANGE_LOOP_ANALYSIS = YES;
				CLANG_WARN_STRICT_PROTOTYPES = YES;
				CLANG_WARN_SUSPICIOUS_MOVE = YES;
				CLANG_WARN_UNGUARDED_AVAILABILITY = YES_AGGRESSIVE;
				CLANG_WARN_UNREACHABLE_CODE = YES;
				CLANG_WARN__DUPLICATE_METHOD_MATCH = YES;
				COPY_PHASE_STRIP = NO;
				DEBUG_INFORMATION_FORMAT = dwarf;
				ENABLE_STRICT_OBJC_MSGSEND = YES;
				ENABLE_TESTABILITY = YES;
				GCC_C_LANGUAGE_STANDARD = gnu11;
				GCC_DYNAMIC_NO_PIC = NO;
				GCC_NO_COMMON_BLOCKS = YES;
				GCC_OPTIMIZATION_LEVEL = 0;
				GCC_PREPROCESSOR_DEFINITIONS = (
					"DEBUG=1",
					"$(inherited)",
				);
				GCC_WARN_64_TO_32_BIT_CONVERSION = YES;
				GCC_WARN_ABOUT_RETURN_TYPE = YES_ERROR;
				GCC_WARN_UNDECLARED_SELECTOR = YES;
				GCC_WARN_UNINITIALIZED_AUTOS = YES_AGGRESSIVE;
				GCC_WARN_UNUSED_FUNCTION = YES;
				GCC_WARN_UNUSED_VARIABLE = YES;
				IPHONEOS_DEPLOYMENT_TARGET = 14.3;
				MTL_ENABLE_DEBUG_INFO = INCLUDE_SOURCE;
				MTL_FAST_MATH = YES;
				ONLY_ACTIVE_ARCH = YES;
				SDKROOT = iphoneos;
				SWIFT_ACTIVE_COMPILATION_CONDITIONS = DEBUG;
				SWIFT_OPTIMIZATION_LEVEL = "-Onone";
			};
			name = Debug;
		};
		DA1FE59225BA9DDA0084FABD /* Release */ = {
			isa = XCBuildConfiguration;
			buildSettings = {
				ALWAYS_SEARCH_USER_PATHS = NO;
				CLANG_ANALYZER_NONNULL = YES;
				CLANG_ANALYZER_NUMBER_OBJECT_CONVERSION = YES_AGGRESSIVE;
				CLANG_CXX_LANGUAGE_STANDARD = "gnu++14";
				CLANG_CXX_LIBRARY = "libc++";
				CLANG_ENABLE_MODULES = YES;
				CLANG_ENABLE_OBJC_ARC = YES;
				CLANG_ENABLE_OBJC_WEAK = YES;
				CLANG_WARN_BLOCK_CAPTURE_AUTORELEASING = YES;
				CLANG_WARN_BOOL_CONVERSION = YES;
				CLANG_WARN_COMMA = YES;
				CLANG_WARN_CONSTANT_CONVERSION = YES;
				CLANG_WARN_DEPRECATED_OBJC_IMPLEMENTATIONS = YES;
				CLANG_WARN_DIRECT_OBJC_ISA_USAGE = YES_ERROR;
				CLANG_WARN_DOCUMENTATION_COMMENTS = YES;
				CLANG_WARN_EMPTY_BODY = YES;
				CLANG_WARN_ENUM_CONVERSION = YES;
				CLANG_WARN_INFINITE_RECURSION = YES;
				CLANG_WARN_INT_CONVERSION = YES;
				CLANG_WARN_NON_LITERAL_NULL_CONVERSION = YES;
				CLANG_WARN_OBJC_IMPLICIT_RETAIN_SELF = YES;
				CLANG_WARN_OBJC_LITERAL_CONVERSION = YES;
				CLANG_WARN_OBJC_ROOT_CLASS = YES_ERROR;
				CLANG_WARN_QUOTED_INCLUDE_IN_FRAMEWORK_HEADER = YES;
				CLANG_WARN_RANGE_LOOP_ANALYSIS = YES;
				CLANG_WARN_STRICT_PROTOTYPES = YES;
				CLANG_WARN_SUSPICIOUS_MOVE = YES;
				CLANG_WARN_UNGUARDED_AVAILABILITY = YES_AGGRESSIVE;
				CLANG_WARN_UNREACHABLE_CODE = YES;
				CLANG_WARN__DUPLICATE_METHOD_MATCH = YES;
				COPY_PHASE_STRIP = NO;
				DEBUG_INFORMATION_FORMAT = "dwarf-with-dsym";
				ENABLE_NS_ASSERTIONS = NO;
				ENABLE_STRICT_OBJC_MSGSEND = YES;
				GCC_C_LANGUAGE_STANDARD = gnu11;
				GCC_NO_COMMON_BLOCKS = YES;
				GCC_WARN_64_TO_32_BIT_CONVERSION = YES;
				GCC_WARN_ABOUT_RETURN_TYPE = YES_ERROR;
				GCC_WARN_UNDECLARED_SELECTOR = YES;
				GCC_WARN_UNINITIALIZED_AUTOS = YES_AGGRESSIVE;
				GCC_WARN_UNUSED_FUNCTION = YES;
				GCC_WARN_UNUSED_VARIABLE = YES;
				IPHONEOS_DEPLOYMENT_TARGET = 14.3;
				MTL_ENABLE_DEBUG_INFO = NO;
				MTL_FAST_MATH = YES;
				SDKROOT = iphoneos;
				SWIFT_COMPILATION_MODE = wholemodule;
				SWIFT_OPTIMIZATION_LEVEL = "-O";
				VALIDATE_PRODUCT = YES;
			};
			name = Release;
		};
		DA1FE59425BA9DDA0084FABD /* Debug */ = {
			isa = XCBuildConfiguration;
			buildSettings = {
				ASSETCATALOG_COMPILER_APPICON_NAME = AppIcon;
				ASSETCATALOG_COMPILER_GLOBAL_ACCENT_COLOR_NAME = AccentColor;
				CODE_SIGN_STYLE = Automatic;
				DEVELOPMENT_TEAM = 3VT454RG8M;
				INFOPLIST_FILE = customSwipableTabbarTutorial/Info.plist;
				LD_RUNPATH_SEARCH_PATHS = (
					"$(inherited)",
					"@executable_path/Frameworks",
				);
				PRODUCT_BUNDLE_IDENTIFIER = com.dustin.customSwipableTabbarTutorial;
				PRODUCT_NAME = "$(TARGET_NAME)";
				SWIFT_VERSION = 5.0;
				TARGETED_DEVICE_FAMILY = "1,2";
			};
			name = Debug;
		};
		DA1FE59525BA9DDA0084FABD /* Release */ = {
			isa = XCBuildConfiguration;
			buildSettings = {
				ASSETCATALOG_COMPILER_APPICON_NAME = AppIcon;
				ASSETCATALOG_COMPILER_GLOBAL_ACCENT_COLOR_NAME = AccentColor;
				CODE_SIGN_STYLE = Automatic;
				DEVELOPMENT_TEAM = 3VT454RG8M;
				INFOPLIST_FILE = customSwipableTabbarTutorial/Info.plist;
				LD_RUNPATH_SEARCH_PATHS = (
					"$(inherited)",
					"@executable_path/Frameworks",
				);
				PRODUCT_BUNDLE_IDENTIFIER = com.dustin.customSwipableTabbarTutorial;
				PRODUCT_NAME = "$(TARGET_NAME)";
				SWIFT_VERSION = 5.0;
				TARGETED_DEVICE_FAMILY = "1,2";
			};
			name = Release;
		};
/* End XCBuildConfiguration section */

/* Begin XCConfigurationList section */
		DA1FE57A25BA9DD80084FABD /* Build configuration list for PBXProject "customSwipableTabbarTutorial" */ = {
			isa = XCConfigurationList;
			buildConfigurations = (
				DA1FE59125BA9DDA0084FABD /* Debug */,
				DA1FE59225BA9DDA0084FABD /* Release */,
			);
			defaultConfigurationIsVisible = 0;
			defaultConfigurationName = Release;
		};
		DA1FE59325BA9DDA0084FABD /* Build configuration list for PBXNativeTarget "customSwipableTabbarTutorial" */ = {
			isa = XCConfigurationList;
			buildConfigurations = (
				DA1FE59425BA9DDA0084FABD /* Debug */,
				DA1FE59525BA9DDA0084FABD /* Release */,
			);
			defaultConfigurationIsVisible = 0;
			defaultConfigurationName = Release;
		};
/* End XCConfigurationList section */
	};
	rootObject = DA1FE57725BA9DD80084FABD /* Project object */;
}
